
Microsoft Visual Studio Solution File, Format Version 12.00
# Visual Studio Version 17
VisualStudioVersion = 17.13.35818.85
MinimumVisualStudioVersion = 10.0.40219.1
Project("{FAE04EC0-301F-11D3-BF4B-00C04F79EFBC}") = "KubePilot", "KubePilot\KubePilot.csproj", "{3E330E1F-C2BF-45DF-8B57-C78C8E4368EB}"
EndProject
Global
	GlobalSection(SolutionConfigurationPlatforms) = preSolution
		Debug|Any CPU = Debug|Any CPU
		Release|Any CPU = Release|Any CPU
	EndGlobalSection
	GlobalSection(ProjectConfigurationPlatforms) = postSolution
		{3E330E1F-C2BF-45DF-8B57-C78C8E4368EB}.Debug|Any CPU.ActiveCfg = Debug|Any CPU
		{3E330E1F-C2BF-45DF-8B57-C78C8E4368EB}.Debug|Any CPU.Build.0 = Debug|Any CPU
		{3E330E1F-C2BF-45DF-8B57-C78C8E4368EB}.Release|Any CPU.ActiveCfg = Release|Any CPU
		{3E330E1F-C2BF-45DF-8B57-C78C8E4368EB}.Release|Any CPU.Build.0 = Release|Any CPU
	EndGlobalSection
	GlobalSection(SolutionProperties) = preSolution
		HideSolutionNode = FALSE
	EndGlobalSection
	GlobalSection(ExtensibilityGlobals) = postSolution
		SolutionGuid = {3D5961C8-5C78-4579-97EF-400C4072A075}
	EndGlobalSection
EndGlobal
